NeoBundleLock Flake8-vim ef97fe65db9907e2dbe4127fd795a097b91d6a34
NeoBundleLock caw.vim 0ee627dc08f9a85c5d867cde4eb43b91f9c114db
NeoBundleLock jedi-vim dc9688602c2da73f25e49c3dd447c03f0c0f08d5
NeoBundleLock jellybeans.vim f931895c20681684278aef2ffd810730b9c36ec3
NeoBundleLock neobundle.vim 108ce2c80e0af6898f967f4df7ff189368351ff6
NeoBundleLock neocomplete.vim aaa1f08b06bfcc2a329dba12a37ce8e1578636bd
NeoBundleLock neosnippet.vim e619d43571a675057461f29f2c039dab64728f32
NeoBundleLock syntastic 7014a52acefa594d45c40b3eaefee70549bdcaeb
NeoBundleLock unite.vim c9dcccd586537c5cec032f5cf8c3346cc15c7374
NeoBundleLock vim-autoclose a9a3b7384657bc1f60a963fd6c08c63fc48d61c3
NeoBundleLock vim-latex a19560c711fadb929acdd035b8dcfd2c05e0ce64
NeoBundleLock vim-python-pep8-indent f4f95ee041370e3e79bb72cb9b360a4ec5707785
NeoBundleLock vim-quickhl 239d9edf6d2d250b4be2511a15fcec077e10314f
